
Microsoft Visual Studio Solution File, Format Version 12.00
# Visual Studio 15
VisualStudioVersion = 15.0.27703.2035
MinimumVisualStudioVersion = 10.0.40219.1
Project("{FAE04EC0-301F-11D3-BF4B-00C04F79EFBC}") = "TestApp", "TestApp\TestApp.csproj", "{E68BC61B-B0A1-4215-9DE9-EA6C9350A199}"
EndProject
Project("{2150E333-8FDC-42A3-9474-1A3956D46DE8}") = "Services", "Services", "{13375500-483B-4CDD-88D1-BC0C008F0A25}"
EndProject
Project("{2150E333-8FDC-42A3-9474-1A3956D46DE8}") = "Repositories", "Repositories", "{B1756AC5-01CE-4B5E-B59F-EA8E44938314}"
EndProject
Project("{FAE04EC0-301F-11D3-BF4B-00C04F79EFBC}") = "PackagePriceCalculationService", "PackagePriceCalculationService\PackagePriceCalculationService.csproj", "{1FC6E4DC-07F0-44E4-BE04-F720C949C32D}"
EndProject
Project("{FAE04EC0-301F-11D3-BF4B-00C04F79EFBC}") = "CompanyCalculationConfigurationRepository", "CompanyCalculationConfigurationRepository\CompanyCalculationConfigurationRepository.csproj", "{2D2B02C4-908E-4C2A-BC53-4FF58E92B794}"
EndProject
Project("{FAE04EC0-301F-11D3-BF4B-00C04F79EFBC}") = "UnitTestProject1", "UnitTestProject1\UnitTestProject1.csproj", "{6C8A4204-69A1-4C86-B8D3-A68D1A0781A9}"
EndProject
Global
	GlobalSection(SolutionConfigurationPlatforms) = preSolution
		Debug|Any CPU = Debug|Any CPU
		Release|Any CPU = Release|Any CPU
	EndGlobalSection
	GlobalSection(ProjectConfigurationPlatforms) = postSolution
		{E68BC61B-B0A1-4215-9DE9-EA6C9350A199}.Debug|Any CPU.ActiveCfg = Debug|Any CPU
		{E68BC61B-B0A1-4215-9DE9-EA6C9350A199}.Debug|Any CPU.Build.0 = Debug|Any CPU
		{E68BC61B-B0A1-4215-9DE9-EA6C9350A199}.Release|Any CPU.ActiveCfg = Release|Any CPU
		{E68BC61B-B0A1-4215-9DE9-EA6C9350A199}.Release|Any CPU.Build.0 = Release|Any CPU
		{1FC6E4DC-07F0-44E4-BE04-F720C949C32D}.Debug|Any CPU.ActiveCfg = Debug|Any CPU
		{1FC6E4DC-07F0-44E4-BE04-F720C949C32D}.Debug|Any CPU.Build.0 = Debug|Any CPU
		{1FC6E4DC-07F0-44E4-BE04-F720C949C32D}.Release|Any CPU.ActiveCfg = Release|Any CPU
		{1FC6E4DC-07F0-44E4-BE04-F720C949C32D}.Release|Any CPU.Build.0 = Release|Any CPU
		{2D2B02C4-908E-4C2A-BC53-4FF58E92B794}.Debug|Any CPU.ActiveCfg = Debug|Any CPU
		{2D2B02C4-908E-4C2A-BC53-4FF58E92B794}.Debug|Any CPU.Build.0 = Debug|Any CPU
		{2D2B02C4-908E-4C2A-BC53-4FF58E92B794}.Release|Any CPU.ActiveCfg = Release|Any CPU
		{2D2B02C4-908E-4C2A-BC53-4FF58E92B794}.Release|Any CPU.Build.0 = Release|Any CPU
		{6C8A4204-69A1-4C86-B8D3-A68D1A0781A9}.Debug|Any CPU.ActiveCfg = Debug|Any CPU
		{6C8A4204-69A1-4C86-B8D3-A68D1A0781A9}.Debug|Any CPU.Build.0 = Debug|Any CPU
		{6C8A4204-69A1-4C86-B8D3-A68D1A0781A9}.Release|Any CPU.ActiveCfg = Release|Any CPU
		{6C8A4204-69A1-4C86-B8D3-A68D1A0781A9}.Release|Any CPU.Build.0 = Release|Any CPU
	EndGlobalSection
	GlobalSection(SolutionProperties) = preSolution
		HideSolutionNode = FALSE
	EndGlobalSection
	GlobalSection(NestedProjects) = preSolution
		{1FC6E4DC-07F0-44E4-BE04-F720C949C32D} = {13375500-483B-4CDD-88D1-BC0C008F0A25}
		{2D2B02C4-908E-4C2A-BC53-4FF58E92B794} = {B1756AC5-01CE-4B5E-B59F-EA8E44938314}
		{6C8A4204-69A1-4C86-B8D3-A68D1A0781A9} = {B1756AC5-01CE-4B5E-B59F-EA8E44938314}
	EndGlobalSection
	GlobalSection(ExtensibilityGlobals) = postSolution
		SolutionGuid = {56B669E1-C978-47CD-9273-BDC6D7E67C07}
	EndGlobalSection
EndGlobal
